
Microsoft Visual Studio Solution File, Format Version 12.00
# Visual Studio Version 17
VisualStudioVersion = 17.11.35222.181
MinimumVisualStudioVersion = 10.0.40219.1
Project("{FAE04EC0-301F-11D3-BF4B-00C04F79EFBC}") = "(P) WPF - Classes & Files", "(P) WPF - Classes & Files\(P) WPF - Classes & Files.csproj", "{A8EFEF2C-745D-4BCF-BAB0-E8FA5C3FB73B}"
EndProject
Global
	GlobalSection(SolutionConfigurationPlatforms) = preSolution
		Debug|Any CPU = Debug|Any CPU
		Release|Any CPU = Release|Any CPU
	EndGlobalSection
	GlobalSection(ProjectConfigurationPlatforms) = postSolution
		{A8EFEF2C-745D-4BCF-BAB0-E8FA5C3FB73B}.Debug|Any CPU.ActiveCfg = Debug|Any CPU
		{A8EFEF2C-745D-4BCF-BAB0-E8FA5C3FB73B}.Debug|Any CPU.Build.0 = Debug|Any CPU
		{A8EFEF2C-745D-4BCF-BAB0-E8FA5C3FB73B}.Release|Any CPU.ActiveCfg = Release|Any CPU
		{A8EFEF2C-745D-4BCF-BAB0-E8FA5C3FB73B}.Release|Any CPU.Build.0 = Release|Any CPU
	EndGlobalSection
	GlobalSection(SolutionProperties) = preSolution
		HideSolutionNode = FALSE
	EndGlobalSection
	GlobalSection(ExtensibilityGlobals) = postSolution
		SolutionGuid = {D3152374-6A76-4BD0-8DC2-82B7C45DE16C}
	EndGlobalSection
EndGlobal
