
Microsoft Visual Studio Solution File, Format Version 12.00
# Visual Studio Version 17
VisualStudioVersion = 17.11.35303.130
MinimumVisualStudioVersion = 10.0.40219.1
Project("{FAE04EC0-301F-11D3-BF4B-00C04F79EFBC}") = "JSON_Chuck_Norris_Jokes", "JSON_Chuck_Norris_Jokes\JSON_Chuck_Norris_Jokes.csproj", "{42072E28-895A-4326-A006-63A36D184269}"
EndProject
Global
	GlobalSection(SolutionConfigurationPlatforms) = preSolution
		Debug|Any CPU = Debug|Any CPU
		Release|Any CPU = Release|Any CPU
	EndGlobalSection
	GlobalSection(ProjectConfigurationPlatforms) = postSolution
		{42072E28-895A-4326-A006-63A36D184269}.Debug|Any CPU.ActiveCfg = Debug|Any CPU
		{42072E28-895A-4326-A006-63A36D184269}.Debug|Any CPU.Build.0 = Debug|Any CPU
		{42072E28-895A-4326-A006-63A36D184269}.Release|Any CPU.ActiveCfg = Release|Any CPU
		{42072E28-895A-4326-A006-63A36D184269}.Release|Any CPU.Build.0 = Release|Any CPU
	EndGlobalSection
	GlobalSection(SolutionProperties) = preSolution
		HideSolutionNode = FALSE
	EndGlobalSection
	GlobalSection(ExtensibilityGlobals) = postSolution
		SolutionGuid = {E63E2186-2677-4A70-8714-0D9EE429664F}
	EndGlobalSection
EndGlobal
