
Microsoft Visual Studio Solution File, Format Version 12.00
# Visual Studio Version 17
VisualStudioVersion = 17.11.35303.130
MinimumVisualStudioVersion = 10.0.40219.1
Project("{FAE04EC0-301F-11D3-BF4B-00C04F79EFBC}") = "JSON", "JSON\JSON.csproj", "{71C18305-4A84-4A7A-8F41-5E705D192EBE}"
EndProject
Global
	GlobalSection(SolutionConfigurationPlatforms) = preSolution
		Debug|Any CPU = Debug|Any CPU
		Release|Any CPU = Release|Any CPU
	EndGlobalSection
	GlobalSection(ProjectConfigurationPlatforms) = postSolution
		{71C18305-4A84-4A7A-8F41-5E705D192EBE}.Debug|Any CPU.ActiveCfg = Debug|Any CPU
		{71C18305-4A84-4A7A-8F41-5E705D192EBE}.Debug|Any CPU.Build.0 = Debug|Any CPU
		{71C18305-4A84-4A7A-8F41-5E705D192EBE}.Release|Any CPU.ActiveCfg = Release|Any CPU
		{71C18305-4A84-4A7A-8F41-5E705D192EBE}.Release|Any CPU.Build.0 = Release|Any CPU
	EndGlobalSection
	GlobalSection(SolutionProperties) = preSolution
		HideSolutionNode = FALSE
	EndGlobalSection
	GlobalSection(ExtensibilityGlobals) = postSolution
		SolutionGuid = {C9A2DC6C-325C-443C-80D6-F8F2816D09B7}
	EndGlobalSection
EndGlobal
